{
  "nodes": {
    "flake-parts": {
      "inputs": {
        "nixpkgs-lib": [
          "nixpkgs"
        ]
      },
      "locked": {
        "lastModified": 1777678872,
        "narHash": "sha256-EPIFsulyon7Z1vLQq5Fk64GR8L7cQsT+IPhcsukVbgk=",
        "owner": "hercules-ci",
        "repo": "flake-parts",
        "rev": "5250617bffd85403b14dbf43c3870e7f255d2c16",
        "type": "github"
      },
      "original": {
        "owner": "hercules-ci",
        "repo": "flake-parts",
        "type": "github"
      }
    },
    "import-tree": {
      "locked": {
        "lastModified": 1773693634,
        "narHash": "sha256-BtZ2dtkBdSUnFPPFc+n0kcMbgaTxzFNPv2iaO326Ffg=",
        "owner": "vic",
        "repo": "import-tree",
        "rev": "c41e7d58045f9057880b0d85e1152d6a4430dbf1",
        "type": "github"
      },
      "original": {
        "owner": "vic",
        "repo": "import-tree",
        "type": "github"
      }
    },
    "nixpkgs": {
      "locked": {
        "lastModified": 1777641297,
        "narHash": "sha256-WNGcmeOZ8Tr9dq6ztCspYbzWFswr2mPebM9LpsfGxPk=",
        "owner": "NixOS",
        "repo": "nixpkgs",
        "rev": "c6d65881c5624c9cae5ea6cedef24699b0c0a4c0",
        "type": "github"
      },
      "original": {
        "owner": "NixOS",
        "ref": "nixpkgs-unstable",
        "repo": "nixpkgs",
        "type": "github"
      }
    },
    "root": {
      "inputs": {
        "flake-parts": "flake-parts",
        "import-tree": "import-tree",
        "nixpkgs": "nixpkgs",
        "wrappers": "wrappers"
      }
    },
    "wrappers": {
      "inputs": {
        "nixpkgs": [
          "nixpkgs"
        ]
      },
      "locked": {
        "lastModified": 1777740860,
        "narHash": "sha256-AeN4Eb1j99NRGOoy97F3XtWfIGC22YTGBf412ZezLZc=",
        "ref": "refs/heads/starship-wrapper-module",
        "rev": "36d41f12a468a46286abeca28ab8e8dae9d77d1a",
        "revCount": 728,
        "type": "git",
        "url": "file:///home/olivier/repos/nix-wrapper-modules"
      },
      "original": {
        "type": "git",
        "url": "file:///home/olivier/repos/nix-wrapper-modules"
      }
    }
  },
  "root": "root",
  "version": 7
}
